{
  "name": "Clase3",
  "lockfileVersion": 3,
  "requires": true,
  "packages": {
    "": {
      "dependencies": {
        "@mario.rs94/platzom": "^0.1.0"
      }
    },
    "node_modules/@mario.rs94/platzom": {
      "version": "0.1.0",
      "resolved": "https://registry.npmjs.org/@mario.rs94/platzom/-/platzom-0.1.0.tgz",
      "integrity": "sha512-+2ENtuMiAi/DGSTVXB+uQj5VxFxyBHhSgGAILQtKIVPsHJsLXMdOgDQ0MEmPklpIfSJtH9A2U9du7jeF8AgqZg=="
    }
  }
}
